// !$*UTF8*$!
{
	archiveVersion = 1;
	classes = {
	};
	objectVersion = 50;
	objects = {

/* Begin PBXBuildFile section */
		BA50F35023DB11FA005D624B /* FlashCard+CoreDataClass.swift in Sources */ = {isa = PBXBuildFile; fileRef = BA50F34C23DB11FA005D624B /* FlashCard+CoreDataClass.swift */; };
		BA50F35123DB11FA005D624B /* FlashCard+CoreDataProperties.swift in Sources */ = {isa = PBXBuildFile; fileRef = BA50F34D23DB11FA005D624B /* FlashCard+CoreDataProperties.swift */; };
		BA50F35223DB11FA005D624B /* Deck+CoreDataClass.swift in Sources */ = {isa = PBXBuildFile; fileRef = BA50F34E23DB11FA005D624B /* Deck+CoreDataClass.swift */; };
		BA50F35323DB11FA005D624B /* Deck+CoreDataProperties.swift in Sources */ = {isa = PBXBuildFile; fileRef = BA50F34F23DB11FA005D624B /* Deck+CoreDataProperties.swift */; };
		BA89D8B6239AAC9200D97AC2 /* SettingsView.swift in Sources */ = {isa = PBXBuildFile; fileRef = BA89D8B5239AAC9200D97AC2 /* SettingsView.swift */; };
		BAFA0EA5238EB7F60077D574 /* FlashCardRepository.swift in Sources */ = {isa = PBXBuildFile; fileRef = BAFA0EA4238EB7F60077D574 /* FlashCardRepository.swift */; };
		D601A6C62389CB6A00FFE9FC /* GameStatus.swift in Sources */ = {isa = PBXBuildFile; fileRef = D601A6C52389CB6A00FFE9FC /* GameStatus.swift */; };
		D60F038123B3E0A5007F1F74 /* Scoreboard.swift in Sources */ = {isa = PBXBuildFile; fileRef = D60F038023B3E0A5007F1F74 /* Scoreboard.swift */; };
		D63B466223D517EC008370C7 /* DeckView.swift in Sources */ = {isa = PBXBuildFile; fileRef = D63B466123D517EC008370C7 /* DeckView.swift */; };
		D63B467023D79865008370C7 /* DeckFormView.swift in Sources */ = {isa = PBXBuildFile; fileRef = D63B466F23D79865008370C7 /* DeckFormView.swift */; };
		D63B467223D79F8A008370C7 /* Extensions.swift in Sources */ = {isa = PBXBuildFile; fileRef = D63B467123D79F8A008370C7 /* Extensions.swift */; };
		D63B467423D7B51C008370C7 /* DeckRepository.swift in Sources */ = {isa = PBXBuildFile; fileRef = D63B467323D7B51C008370C7 /* DeckRepository.swift */; };
		D63B467823DE421B008370C7 /* MiniFlashCardView.swift in Sources */ = {isa = PBXBuildFile; fileRef = D63B467723DE421B008370C7 /* MiniFlashCardView.swift */; };
		D6412B812388367000EA3758 /* FlashCardView.swift in Sources */ = {isa = PBXBuildFile; fileRef = D6412B802388367000EA3758 /* FlashCardView.swift */; };
		D64D50FE2385CA900075AD3D /* AppDelegate.swift in Sources */ = {isa = PBXBuildFile; fileRef = D64D50FD2385CA900075AD3D /* AppDelegate.swift */; };
		D64D51002385CA900075AD3D /* SceneDelegate.swift in Sources */ = {isa = PBXBuildFile; fileRef = D64D50FF2385CA900075AD3D /* SceneDelegate.swift */; };
		D64D51032385CA900075AD3D /* dict.xcdatamodeld in Sources */ = {isa = PBXBuildFile; fileRef = D64D51012385CA900075AD3D /* dict.xcdatamodeld */; };
		D64D51052385CA900075AD3D /* FlashCardFormView.swift in Sources */ = {isa = PBXBuildFile; fileRef = D64D51042385CA900075AD3D /* FlashCardFormView.swift */; };
		D64D51072385CA920075AD3D /* Assets.xcassets in Resources */ = {isa = PBXBuildFile; fileRef = D64D51062385CA920075AD3D /* Assets.xcassets */; };
		D64D510A2385CA920075AD3D /* Preview Assets.xcassets in Resources */ = {isa = PBXBuildFile; fileRef = D64D51092385CA920075AD3D /* Preview Assets.xcassets */; };
		D64D510D2385CA920075AD3D /* LaunchScreen.storyboard in Resources */ = {isa = PBXBuildFile; fileRef = D64D510B2385CA920075AD3D /* LaunchScreen.storyboard */; };
		D64D51152385CCA30075AD3D /* Homepage.swift in Sources */ = {isa = PBXBuildFile; fileRef = D64D51142385CCA30075AD3D /* Homepage.swift */; };
		D64D51172385E0BF0075AD3D /* Game.swift in Sources */ = {isa = PBXBuildFile; fileRef = D64D51162385E0BF0075AD3D /* Game.swift */; };
		D66668252386D311008421AB /* Dictionary.swift in Sources */ = {isa = PBXBuildFile; fileRef = D66668242386D311008421AB /* Dictionary.swift */; };
/* End PBXBuildFile section */

/* Begin PBXFileReference section */
		BA50F34C23DB11FA005D624B /* FlashCard+CoreDataClass.swift */ = {isa = PBXFileReference; lastKnownFileType = sourcecode.swift; path = "FlashCard+CoreDataClass.swift"; sourceTree = "<group>"; };
		BA50F34D23DB11FA005D624B /* FlashCard+CoreDataProperties.swift */ = {isa = PBXFileReference; lastKnownFileType = sourcecode.swift; path = "FlashCard+CoreDataProperties.swift"; sourceTree = "<group>"; };
		BA50F34E23DB11FA005D624B /* Deck+CoreDataClass.swift */ = {isa = PBXFileReference; lastKnownFileType = sourcecode.swift; path = "Deck+CoreDataClass.swift"; sourceTree = "<group>"; };
		BA50F34F23DB11FA005D624B /* Deck+CoreDataProperties.swift */ = {isa = PBXFileReference; lastKnownFileType = sourcecode.swift; path = "Deck+CoreDataProperties.swift"; sourceTree = "<group>"; };
		BA89D8B5239AAC9200D97AC2 /* SettingsView.swift */ = {isa = PBXFileReference; lastKnownFileType = sourcecode.swift; path = SettingsView.swift; sourceTree = "<group>"; };
		BAFA0EA4238EB7F60077D574 /* FlashCardRepository.swift */ = {isa = PBXFileReference; lastKnownFileType = sourcecode.swift; path = FlashCardRepository.swift; sourceTree = "<group>"; };
		D601A6C52389CB6A00FFE9FC /* GameStatus.swift */ = {isa = PBXFileReference; lastKnownFileType = sourcecode.swift; path = GameStatus.swift; sourceTree = "<group>"; };
		D60F038023B3E0A5007F1F74 /* Scoreboard.swift */ = {isa = PBXFileReference; lastKnownFileType = sourcecode.swift; path = Scoreboard.swift; sourceTree = "<group>"; };
		D63B466123D517EC008370C7 /* DeckView.swift */ = {isa = PBXFileReference; lastKnownFileType = sourcecode.swift; path = DeckView.swift; sourceTree = "<group>"; };
		D63B466F23D79865008370C7 /* DeckFormView.swift */ = {isa = PBXFileReference; lastKnownFileType = sourcecode.swift; path = DeckFormView.swift; sourceTree = "<group>"; };
		D63B467123D79F8A008370C7 /* Extensions.swift */ = {isa = PBXFileReference; lastKnownFileType = sourcecode.swift; path = Extensions.swift; sourceTree = "<group>"; };
		D63B467323D7B51C008370C7 /* DeckRepository.swift */ = {isa = PBXFileReference; lastKnownFileType = sourcecode.swift; path = DeckRepository.swift; sourceTree = "<group>"; };
		D63B467723DE421B008370C7 /* MiniFlashCardView.swift */ = {isa = PBXFileReference; lastKnownFileType = sourcecode.swift; path = MiniFlashCardView.swift; sourceTree = "<group>"; };
		D6412B802388367000EA3758 /* FlashCardView.swift */ = {isa = PBXFileReference; lastKnownFileType = sourcecode.swift; path = FlashCardView.swift; sourceTree = "<group>"; };
		D64D50FA2385CA900075AD3D /* FlashCards.app */ = {isa = PBXFileReference; explicitFileType = wrapper.application; includeInIndex = 0; path = FlashCards.app; sourceTree = BUILT_PRODUCTS_DIR; };
		D64D50FD2385CA900075AD3D /* AppDelegate.swift */ = {isa = PBXFileReference; lastKnownFileType = sourcecode.swift; path = AppDelegate.swift; sourceTree = "<group>"; };
		D64D50FF2385CA900075AD3D /* SceneDelegate.swift */ = {isa = PBXFileReference; lastKnownFileType = sourcecode.swift; path = SceneDelegate.swift; sourceTree = "<group>"; };
		D64D51022385CA900075AD3D /* dict.xcdatamodel */ = {isa = PBXFileReference; lastKnownFileType = wrapper.xcdatamodel; path = dict.xcdatamodel; sourceTree = "<group>"; };
		D64D51042385CA900075AD3D /* FlashCardFormView.swift */ = {isa = PBXFileReference; lastKnownFileType = sourcecode.swift; path = FlashCardFormView.swift; sourceTree = "<group>"; };
		D64D51062385CA920075AD3D /* Assets.xcassets */ = {isa = PBXFileReference; lastKnownFileType = folder.assetcatalog; path = Assets.xcassets; sourceTree = "<group>"; };
		D64D51092385CA920075AD3D /* Preview Assets.xcassets */ = {isa = PBXFileReference; lastKnownFileType = folder.assetcatalog; path = "Preview Assets.xcassets"; sourceTree = "<group>"; };
		D64D510C2385CA920075AD3D /* Base */ = {isa = PBXFileReference; lastKnownFileType = file.storyboard; name = Base; path = Base.lproj/LaunchScreen.storyboard; sourceTree = "<group>"; };
		D64D510E2385CA920075AD3D /* Info.plist */ = {isa = PBXFileReference; lastKnownFileType = text.plist.xml; path = Info.plist; sourceTree = "<group>"; };
		D64D51142385CCA30075AD3D /* Homepage.swift */ = {isa = PBXFileReference; lastKnownFileType = sourcecode.swift; path = Homepage.swift; sourceTree = "<group>"; };
		D64D51162385E0BF0075AD3D /* Game.swift */ = {isa = PBXFileReference; lastKnownFileType = sourcecode.swift; path = Game.swift; sourceTree = "<group>"; };
		D66668242386D311008421AB /* Dictionary.swift */ = {isa = PBXFileReference; lastKnownFileType = sourcecode.swift; path = Dictionary.swift; sourceTree = "<group>"; };
/* End PBXFileReference section */

/* Begin PBXFrameworksBuildPhase section */
		D64D50F72385CA900075AD3D /* Frameworks */ = {
			isa = PBXFrameworksBuildPhase;
			buildActionMask = 2147483647;
			files = (
			);
			runOnlyForDeploymentPostprocessing = 0;
		};
/* End PBXFrameworksBuildPhase section */

/* Begin PBXGroup section */
		D64D50F12385CA900075AD3D = {
			isa = PBXGroup;
			children = (
				D64D50FC2385CA900075AD3D /* dict */,
				D64D50FB2385CA900075AD3D /* Products */,
			);
			sourceTree = "<group>";
		};
		D64D50FB2385CA900075AD3D /* Products */ = {
			isa = PBXGroup;
			children = (
				D64D50FA2385CA900075AD3D /* FlashCards.app */,
			);
			name = Products;
			sourceTree = "<group>";
		};
		D64D50FC2385CA900075AD3D /* dict */ = {
			isa = PBXGroup;
			children = (
				D63B467123D79F8A008370C7 /* Extensions.swift */,
				D63B467323D7B51C008370C7 /* DeckRepository.swift */,
				BAFA0EA4238EB7F60077D574 /* FlashCardRepository.swift */,
				D601A6C52389CB6A00FFE9FC /* GameStatus.swift */,
				D6666179238701F300D1CB8A /* Entity */,
				D6666178238701D800D1CB8A /* AppDelegate */,
				D6666177238701A000D1CB8A /* View */,
				D64D51062385CA920075AD3D /* Assets.xcassets */,
				D64D510B2385CA920075AD3D /* LaunchScreen.storyboard */,
				D64D510E2385CA920075AD3D /* Info.plist */,
				D64D51012385CA900075AD3D /* dict.xcdatamodeld */,
				D64D51082385CA920075AD3D /* Preview Content */,
			);
			path = dict;
			sourceTree = "<group>";
		};
		D64D51082385CA920075AD3D /* Preview Content */ = {
			isa = PBXGroup;
			children = (
				D64D51092385CA920075AD3D /* Preview Assets.xcassets */,
			);
			path = "Preview Content";
			sourceTree = "<group>";
		};
		D6666177238701A000D1CB8A /* View */ = {
			isa = PBXGroup;
			children = (
				D64D51142385CCA30075AD3D /* Homepage.swift */,
				D66668242386D311008421AB /* Dictionary.swift */,
				D63B466123D517EC008370C7 /* DeckView.swift */,
				D63B466F23D79865008370C7 /* DeckFormView.swift */,
				D64D51042385CA900075AD3D /* FlashCardFormView.swift */,
				D64D51162385E0BF0075AD3D /* Game.swift */,
				D60F038023B3E0A5007F1F74 /* Scoreboard.swift */,
				D6412B802388367000EA3758 /* FlashCardView.swift */,
				D63B467723DE421B008370C7 /* MiniFlashCardView.swift */,
				BA89D8B5239AAC9200D97AC2 /* SettingsView.swift */,
			);
			path = View;
			sourceTree = "<group>";
		};
		D6666178238701D800D1CB8A /* AppDelegate */ = {
			isa = PBXGroup;
			children = (
				D64D50FD2385CA900075AD3D /* AppDelegate.swift */,
				D64D50FF2385CA900075AD3D /* SceneDelegate.swift */,
			);
			path = AppDelegate;
			sourceTree = "<group>";
		};
		D6666179238701F300D1CB8A /* Entity */ = {
			isa = PBXGroup;
			children = (
				BA50F34C23DB11FA005D624B /* FlashCard+CoreDataClass.swift */,
				BA50F34D23DB11FA005D624B /* FlashCard+CoreDataProperties.swift */,
				BA50F34E23DB11FA005D624B /* Deck+CoreDataClass.swift */,
				BA50F34F23DB11FA005D624B /* Deck+CoreDataProperties.swift */,
			);
			path = Entity;
			sourceTree = "<group>";
		};
/* End PBXGroup section */

/* Begin PBXNativeTarget section */
		D64D50F92385CA900075AD3D /* dict */ = {
			isa = PBXNativeTarget;
			buildConfigurationList = D64D51112385CA920075AD3D /* Build configuration list for PBXNativeTarget "dict" */;
			buildPhases = (
				D64D50F62385CA900075AD3D /* Sources */,
				D64D50F72385CA900075AD3D /* Frameworks */,
				D64D50F82385CA900075AD3D /* Resources */,
			);
			buildRules = (
			);
			dependencies = (
			);
			name = dict;
			productName = dict;
			productReference = D64D50FA2385CA900075AD3D /* FlashCards.app */;
			productType = "com.apple.product-type.application";
		};
/* End PBXNativeTarget section */

/* Begin PBXProject section */
		D64D50F22385CA900075AD3D /* Project object */ = {
			isa = PBXProject;
			attributes = {
				LastSwiftUpdateCheck = 1120;
				LastUpgradeCheck = 1120;
				ORGANIZATIONNAME = "Bartosz Zbislawski";
				TargetAttributes = {
					D64D50F92385CA900075AD3D = {
						CreatedOnToolsVersion = 11.2.1;
					};
				};
			};
			buildConfigurationList = D64D50F52385CA900075AD3D /* Build configuration list for PBXProject "dict" */;
			compatibilityVersion = "Xcode 9.3";
			developmentRegion = en;
			hasScannedForEncodings = 0;
			knownRegions = (
				en,
				Base,
			);
			mainGroup = D64D50F12385CA900075AD3D;
			productRefGroup = D64D50FB2385CA900075AD3D /* Products */;
			projectDirPath = "";
			projectRoot = "";
			targets = (
				D64D50F92385CA900075AD3D /* dict */,
			);
		};
/* End PBXProject section */

/* Begin PBXResourcesBuildPhase section */
		D64D50F82385CA900075AD3D /* Resources */ = {
			isa = PBXResourcesBuildPhase;
			buildActionMask = 2147483647;
			files = (
				D64D510D2385CA920075AD3D /* LaunchScreen.storyboard in Resources */,
				D64D510A2385CA920075AD3D /* Preview Assets.xcassets in Resources */,
				D64D51072385CA920075AD3D /* Assets.xcassets in Resources */,
			);
			runOnlyForDeploymentPostprocessing = 0;
		};
/* End PBXResourcesBuildPhase section */

/* Begin PBXSourcesBuildPhase section */
		D64D50F62385CA900075AD3D /* Sources */ = {
			isa = PBXSourcesBuildPhase;
			buildActionMask = 2147483647;
			files = (
				D63B466223D517EC008370C7 /* DeckView.swift in Sources */,
				BA50F35323DB11FA005D624B /* Deck+CoreDataProperties.swift in Sources */,
				D64D51032385CA900075AD3D /* dict.xcdatamodeld in Sources */,
				D64D51172385E0BF0075AD3D /* Game.swift in Sources */,
				D63B467423D7B51C008370C7 /* DeckRepository.swift in Sources */,
				D64D50FE2385CA900075AD3D /* AppDelegate.swift in Sources */,
				D66668252386D311008421AB /* Dictionary.swift in Sources */,
				BA50F35223DB11FA005D624B /* Deck+CoreDataClass.swift in Sources */,
				BA89D8B6239AAC9200D97AC2 /* SettingsView.swift in Sources */,
				BA50F35123DB11FA005D624B /* FlashCard+CoreDataProperties.swift in Sources */,
				D6412B812388367000EA3758 /* FlashCardView.swift in Sources */,
				D64D51052385CA900075AD3D /* FlashCardFormView.swift in Sources */,
				D601A6C62389CB6A00FFE9FC /* GameStatus.swift in Sources */,
				D63B467823DE421B008370C7 /* MiniFlashCardView.swift in Sources */,
				D64D51152385CCA30075AD3D /* Homepage.swift in Sources */,
				BAFA0EA5238EB7F60077D574 /* FlashCardRepository.swift in Sources */,
				D63B467223D79F8A008370C7 /* Extensions.swift in Sources */,
				D63B467023D79865008370C7 /* DeckFormView.swift in Sources */,
				D64D51002385CA900075AD3D /* SceneDelegate.swift in Sources */,
				BA50F35023DB11FA005D624B /* FlashCard+CoreDataClass.swift in Sources */,
				D60F038123B3E0A5007F1F74 /* Scoreboard.swift in Sources */,
			);
			runOnlyForDeploymentPostprocessing = 0;
		};
/* End PBXSourcesBuildPhase section */

/* Begin PBXVariantGroup section */
		D64D510B2385CA920075AD3D /* LaunchScreen.storyboard */ = {
			isa = PBXVariantGroup;
			children = (
				D64D510C2385CA920075AD3D /* Base */,
			);
			name = LaunchScreen.storyboard;
			sourceTree = "<group>";
		};
/* End PBXVariantGroup section */

/* Begin XCBuildConfiguration section */
		D64D510F2385CA920075AD3D /* Debug */ = {
			isa = XCBuildConfiguration;
			buildSettings = {
				ALWAYS_SEARCH_USER_PATHS = NO;
				CLANG_ANALYZER_NONNULL = YES;
				CLANG_ANALYZER_NUMBER_OBJECT_CONVERSION = YES_AGGRESSIVE;
				CLANG_CXX_LANGUAGE_STANDARD = "gnu++14";
				CLANG_CXX_LIBRARY = "libc++";
				CLANG_ENABLE_MODULES = YES;
				CLANG_ENABLE_OBJC_ARC = YES;
				CLANG_ENABLE_OBJC_WEAK = YES;
				CLANG_WARN_BLOCK_CAPTURE_AUTORELEASING = YES;
				CLANG_WARN_BOOL_CONVERSION = YES;
				CLANG_WARN_COMMA = YES;
				CLANG_WARN_CONSTANT_CONVERSION = YES;
				CLANG_WARN_DEPRECATED_OBJC_IMPLEMENTATIONS = YES;
				CLANG_WARN_DIRECT_OBJC_ISA_USAGE = YES_ERROR;
				CLANG_WARN_DOCUMENTATION_COMMENTS = YES;
				CLANG_WARN_EMPTY_BODY = YES;
				CLANG_WARN_ENUM_CONVERSION = YES;
				CLANG_WARN_INFINITE_RECURSION = YES;
				CLANG_WARN_INT_CONVERSION = YES;
				CLANG_WARN_NON_LITERAL_NULL_CONVERSION = YES;
				CLANG_WARN_OBJC_IMPLICIT_RETAIN_SELF = YES;
				CLANG_WARN_OBJC_LITERAL_CONVERSION = YES;
				CLANG_WARN_OBJC_ROOT_CLASS = YES_ERROR;
				CLANG_WARN_RANGE_LOOP_ANALYSIS = YES;
				CLANG_WARN_STRICT_PROTOTYPES = YES;
				CLANG_WARN_SUSPICIOUS_MOVE = YES;
				CLANG_WARN_UNGUARDED_AVAILABILITY = YES_AGGRESSIVE;
				CLANG_WARN_UNREACHABLE_CODE = YES;
				CLANG_WARN__DUPLICATE_METHOD_MATCH = YES;
				COPY_PHASE_STRIP = NO;
				DEBUG_INFORMATION_FORMAT = dwarf;
				ENABLE_STRICT_OBJC_MSGSEND = YES;
				ENABLE_TESTABILITY = YES;
				GCC_C_LANGUAGE_STANDARD = gnu11;
				GCC_DYNAMIC_NO_PIC = NO;
				GCC_NO_COMMON_BLOCKS = YES;
				GCC_OPTIMIZATION_LEVEL = 0;
				GCC_PREPROCESSOR_DEFINITIONS = (
					"DEBUG=1",
					"$(inherited)",
				);
				GCC_WARN_64_TO_32_BIT_CONVERSION = YES;
				GCC_WARN_ABOUT_RETURN_TYPE = YES_ERROR;
				GCC_WARN_UNDECLARED_SELECTOR = YES;
				GCC_WARN_UNINITIALIZED_AUTOS = YES_AGGRESSIVE;
				GCC_WARN_UNUSED_FUNCTION = YES;
				GCC_WARN_UNUSED_VARIABLE = YES;
				IPHONEOS_DEPLOYMENT_TARGET = 13.2;
				MTL_ENABLE_DEBUG_INFO = INCLUDE_SOURCE;
				MTL_FAST_MATH = YES;
				ONLY_ACTIVE_ARCH = YES;
				SDKROOT = iphoneos;
				SWIFT_ACTIVE_COMPILATION_CONDITIONS = DEBUG;
				SWIFT_OPTIMIZATION_LEVEL = "-Onone";
			};
			name = Debug;
		};
		D64D51102385CA920075AD3D /* Release */ = {
			isa = XCBuildConfiguration;
			buildSettings = {
				ALWAYS_SEARCH_USER_PATHS = NO;
				CLANG_ANALYZER_NONNULL = YES;
				CLANG_ANALYZER_NUMBER_OBJECT_CONVERSION = YES_AGGRESSIVE;
				CLANG_CXX_LANGUAGE_STANDARD = "gnu++14";
				CLANG_CXX_LIBRARY = "libc++";
				CLANG_ENABLE_MODULES = YES;
				CLANG_ENABLE_OBJC_ARC = YES;
				CLANG_ENABLE_OBJC_WEAK = YES;
				CLANG_WARN_BLOCK_CAPTURE_AUTORELEASING = YES;
				CLANG_WARN_BOOL_CONVERSION = YES;
				CLANG_WARN_COMMA = YES;
				CLANG_WARN_CONSTANT_CONVERSION = YES;
				CLANG_WARN_DEPRECATED_OBJC_IMPLEMENTATIONS = YES;
				CLANG_WARN_DIRECT_OBJC_ISA_USAGE = YES_ERROR;
				CLANG_WARN_DOCUMENTATION_COMMENTS = YES;
				CLANG_WARN_EMPTY_BODY = YES;
				CLANG_WARN_ENUM_CONVERSION = YES;
				CLANG_WARN_INFINITE_RECURSION = YES;
				CLANG_WARN_INT_CONVERSION = YES;
				CLANG_WARN_NON_LITERAL_NULL_CONVERSION = YES;
				CLANG_WARN_OBJC_IMPLICIT_RETAIN_SELF = YES;
				CLANG_WARN_OBJC_LITERAL_CONVERSION = YES;
				CLANG_WARN_OBJC_ROOT_CLASS = YES_ERROR;
				CLANG_WARN_RANGE_LOOP_ANALYSIS = YES;
				CLANG_WARN_STRICT_PROTOTYPES = YES;
				CLANG_WARN_SUSPICIOUS_MOVE = YES;
				CLANG_WARN_UNGUARDED_AVAILABILITY = YES_AGGRESSIVE;
				CLANG_WARN_UNREACHABLE_CODE = YES;
				CLANG_WARN__DUPLICATE_METHOD_MATCH = YES;
				COPY_PHASE_STRIP = NO;
				DEBUG_INFORMATION_FORMAT = "dwarf-with-dsym";
				ENABLE_NS_ASSERTIONS = NO;
				ENABLE_STRICT_OBJC_MSGSEND = YES;
				GCC_C_LANGUAGE_STANDARD = gnu11;
				GCC_NO_COMMON_BLOCKS = YES;
				GCC_WARN_64_TO_32_BIT_CONVERSION = YES;
				GCC_WARN_ABOUT_RETURN_TYPE = YES_ERROR;
				GCC_WARN_UNDECLARED_SELECTOR = YES;
				GCC_WARN_UNINITIALIZED_AUTOS = YES_AGGRESSIVE;
				GCC_WARN_UNUSED_FUNCTION = YES;
				GCC_WARN_UNUSED_VARIABLE = YES;
				IPHONEOS_DEPLOYMENT_TARGET = 13.2;
				MTL_ENABLE_DEBUG_INFO = NO;
				MTL_FAST_MATH = YES;
				SDKROOT = iphoneos;
				SWIFT_COMPILATION_MODE = wholemodule;
				SWIFT_OPTIMIZATION_LEVEL = "-O";
				VALIDATE_PRODUCT = YES;
			};
			name = Release;
		};
		D64D51122385CA920075AD3D /* Debug */ = {
			isa = XCBuildConfiguration;
			buildSettings = {
				ASSETCATALOG_COMPILER_APPICON_NAME = AppIcon;
				CODE_SIGN_STYLE = Automatic;
				DEVELOPMENT_ASSET_PATHS = "\"dict/Preview Content\"";
				DEVELOPMENT_TEAM = 83FX55NL39;
				ENABLE_PREVIEWS = YES;
				INFOPLIST_FILE = dict/Info.plist;
				LD_RUNPATH_SEARCH_PATHS = (
					"$(inherited)",
					"@executable_path/Frameworks",
				);
				PRODUCT_BUNDLE_IDENTIFIER = bzbislawski.FlashCards;
				PRODUCT_NAME = FlashCards;
				SWIFT_VERSION = 5.0;
				TARGETED_DEVICE_FAMILY = "1,2";
			};
			name = Debug;
		};
		D64D51132385CA920075AD3D /* Release */ = {
			isa = XCBuildConfiguration;
			buildSettings = {
				ASSETCATALOG_COMPILER_APPICON_NAME = AppIcon;
				CODE_SIGN_STYLE = Automatic;
				DEVELOPMENT_ASSET_PATHS = "\"dict/Preview Content\"";
				DEVELOPMENT_TEAM = 83FX55NL39;
				ENABLE_PREVIEWS = YES;
				INFOPLIST_FILE = dict/Info.plist;
				LD_RUNPATH_SEARCH_PATHS = (
					"$(inherited)",
					"@executable_path/Frameworks",
				);
				PRODUCT_BUNDLE_IDENTIFIER = bzbislawski.FlashCards;
				PRODUCT_NAME = FlashCards;
				SWIFT_VERSION = 5.0;
				TARGETED_DEVICE_FAMILY = "1,2";
			};
			name = Release;
		};
/* End XCBuildConfiguration section */

/* Begin XCConfigurationList section */
		D64D50F52385CA900075AD3D /* Build configuration list for PBXProject "dict" */ = {
			isa = XCConfigurationList;
			buildConfigurations = (
				D64D510F2385CA920075AD3D /* Debug */,
				D64D51102385CA920075AD3D /* Release */,
			);
			defaultConfigurationIsVisible = 0;
			defaultConfigurationName = Release;
		};
		D64D51112385CA920075AD3D /* Build configuration list for PBXNativeTarget "dict" */ = {
			isa = XCConfigurationList;
			buildConfigurations = (
				D64D51122385CA920075AD3D /* Debug */,
				D64D51132385CA920075AD3D /* Release */,
			);
			defaultConfigurationIsVisible = 0;
			defaultConfigurationName = Release;
		};
/* End XCConfigurationList section */

/* Begin XCVersionGroup section */
		D64D51012385CA900075AD3D /* dict.xcdatamodeld */ = {
			isa = XCVersionGroup;
			children = (
				D64D51022385CA900075AD3D /* dict.xcdatamodel */,
			);
			currentVersion = D64D51022385CA900075AD3D /* dict.xcdatamodel */;
			path = dict.xcdatamodeld;
			sourceTree = "<group>";
			versionGroupType = wrapper.xcdatamodel;
		};
/* End XCVersionGroup section */
	};
	rootObject = D64D50F22385CA900075AD3D /* Project object */;
}
